
Microsoft Visual Studio Solution File, Format Version 12.00
# Visual Studio Version 17
VisualStudioVersion = 17.0.31423.177
MinimumVisualStudioVersion = 10.0.40219.1
Project("{FAE04EC0-301F-11D3-BF4B-00C04F79EFBC}") = "Daniel", "Daniel.csproj", "{AED6DB10-3843-461A-BF14-8C0DC6883A8E}"
EndProject
Global
	GlobalSection(SolutionConfigurationPlatforms) = preSolution
		Debug|Any CPU = Debug|Any CPU
		Release|Any CPU = Release|Any CPU
	EndGlobalSection
	GlobalSection(ProjectConfigurationPlatforms) = postSolution
		{AED6DB10-3843-461A-BF14-8C0DC6883A8E}.Debug|Any CPU.ActiveCfg = Debug|Any CPU
		{AED6DB10-3843-461A-BF14-8C0DC6883A8E}.Debug|Any CPU.Build.0 = Debug|Any CPU
		{AED6DB10-3843-461A-BF14-8C0DC6883A8E}.Release|Any CPU.ActiveCfg = Release|Any CPU
		{AED6DB10-3843-461A-BF14-8C0DC6883A8E}.Release|Any CPU.Build.0 = Release|Any CPU
	EndGlobalSection
	GlobalSection(SolutionProperties) = preSolution
		HideSolutionNode = FALSE
	EndGlobalSection
	GlobalSection(ExtensibilityGlobals) = postSolution
		SolutionGuid = {52F22242-BF1C-4461-9A73-939FEA5FE149}
	EndGlobalSection
EndGlobal
